// !$*UTF8*$!
{
	archiveVersion = 1;
	classes = {
	};
	objectVersion = 50;
	objects = {

/* Begin PBXBuildFile section */
		0555B79B2634988D00FA6DEC /* AppDelegate.swift in Sources */ = {isa = PBXBuildFile; fileRef = 0555B79A2634988D00FA6DEC /* AppDelegate.swift */; };
		0555B79D2634988D00FA6DEC /* ContentView.swift in Sources */ = {isa = PBXBuildFile; fileRef = 0555B79C2634988D00FA6DEC /* ContentView.swift */; };
		0555B79F2634988D00FA6DEC /* Experience.rcproject in Sources */ = {isa = PBXBuildFile; fileRef = 0555B79E2634988D00FA6DEC /* Experience.rcproject */; };
		0555B7A12634988E00FA6DEC /* Assets.xcassets in Resources */ = {isa = PBXBuildFile; fileRef = 0555B7A02634988E00FA6DEC /* Assets.xcassets */; };
		0555B7A42634988E00FA6DEC /* Preview Assets.xcassets in Resources */ = {isa = PBXBuildFile; fileRef = 0555B7A32634988E00FA6DEC /* Preview Assets.xcassets */; };
		0555B7AE26349AFE00FA6DEC /* LocationManager.swift in Sources */ = {isa = PBXBuildFile; fileRef = 0555B7AD26349AFE00FA6DEC /* LocationManager.swift */; };
		0555B7B326349F8C00FA6DEC /* ARViewContainer.swift in Sources */ = {isa = PBXBuildFile; fileRef = 0555B7B226349F8C00FA6DEC /* ARViewContainer.swift */; };
		0555B7B82634B1E000FA6DEC /* SearchButtonBar.swift in Sources */ = {isa = PBXBuildFile; fileRef = 0555B7B72634B1E000FA6DEC /* SearchButtonBar.swift */; };
		0555B7BD2634C67D00FA6DEC /* POI.swift in Sources */ = {isa = PBXBuildFile; fileRef = 0555B7BC2634C67D00FA6DEC /* POI.swift */; };
/* End PBXBuildFile section */

/* Begin PBXFileReference section */
		0555B7972634988D00FA6DEC /* NearMeAR.app */ = {isa = PBXFileReference; explicitFileType = wrapper.application; includeInIndex = 0; path = NearMeAR.app; sourceTree = BUILT_PRODUCTS_DIR; };
		0555B79A2634988D00FA6DEC /* AppDelegate.swift */ = {isa = PBXFileReference; lastKnownFileType = sourcecode.swift; path = AppDelegate.swift; sourceTree = "<group>"; };
		0555B79C2634988D00FA6DEC /* ContentView.swift */ = {isa = PBXFileReference; lastKnownFileType = sourcecode.swift; path = ContentView.swift; sourceTree = "<group>"; };
		0555B79E2634988D00FA6DEC /* Experience.rcproject */ = {isa = PBXFileReference; lastKnownFileType = file.rcproject; path = Experience.rcproject; sourceTree = "<group>"; };
		0555B7A02634988E00FA6DEC /* Assets.xcassets */ = {isa = PBXFileReference; lastKnownFileType = folder.assetcatalog; path = Assets.xcassets; sourceTree = "<group>"; };
		0555B7A32634988E00FA6DEC /* Preview Assets.xcassets */ = {isa = PBXFileReference; lastKnownFileType = folder.assetcatalog; path = "Preview Assets.xcassets"; sourceTree = "<group>"; };
		0555B7A52634988E00FA6DEC /* Info.plist */ = {isa = PBXFileReference; lastKnownFileType = text.plist.xml; path = Info.plist; sourceTree = "<group>"; };
		0555B7AD26349AFE00FA6DEC /* LocationManager.swift */ = {isa = PBXFileReference; lastKnownFileType = sourcecode.swift; path = LocationManager.swift; sourceTree = "<group>"; };
		0555B7B226349F8C00FA6DEC /* ARViewContainer.swift */ = {isa = PBXFileReference; lastKnownFileType = sourcecode.swift; path = ARViewContainer.swift; sourceTree = "<group>"; };
		0555B7B72634B1E000FA6DEC /* SearchButtonBar.swift */ = {isa = PBXFileReference; lastKnownFileType = sourcecode.swift; path = SearchButtonBar.swift; sourceTree = "<group>"; };
		0555B7BC2634C67D00FA6DEC /* POI.swift */ = {isa = PBXFileReference; lastKnownFileType = sourcecode.swift; path = POI.swift; sourceTree = "<group>"; };
/* End PBXFileReference section */

/* Begin PBXFrameworksBuildPhase section */
		0555B7942634988D00FA6DEC /* Frameworks */ = {
			isa = PBXFrameworksBuildPhase;
			buildActionMask = 2147483647;
			files = (
			);
			runOnlyForDeploymentPostprocessing = 0;
		};
/* End PBXFrameworksBuildPhase section */

/* Begin PBXGroup section */
		0555B78E2634988D00FA6DEC = {
			isa = PBXGroup;
			children = (
				0555B7992634988D00FA6DEC /* NearMeAR */,
				0555B7982634988D00FA6DEC /* Products */,
			);
			sourceTree = "<group>";
		};
		0555B7982634988D00FA6DEC /* Products */ = {
			isa = PBXGroup;
			children = (
				0555B7972634988D00FA6DEC /* NearMeAR.app */,
			);
			name = Products;
			sourceTree = "<group>";
		};
		0555B7992634988D00FA6DEC /* NearMeAR */ = {
			isa = PBXGroup;
			children = (
				0555B7BB2634C66000FA6DEC /* Model */,
				0555B7B126349F7100FA6DEC /* Views */,
				0555B7AC26349AE300FA6DEC /* Manager */,
				0555B79A2634988D00FA6DEC /* AppDelegate.swift */,
				0555B79C2634988D00FA6DEC /* ContentView.swift */,
				0555B79E2634988D00FA6DEC /* Experience.rcproject */,
				0555B7A02634988E00FA6DEC /* Assets.xcassets */,
				0555B7A52634988E00FA6DEC /* Info.plist */,
				0555B7A22634988E00FA6DEC /* Preview Content */,
			);
			path = NearMeAR;
			sourceTree = "<group>";
		};
		0555B7A22634988E00FA6DEC /* Preview Content */ = {
			isa = PBXGroup;
			children = (
				0555B7A32634988E00FA6DEC /* Preview Assets.xcassets */,
			);
			path = "Preview Content";
			sourceTree = "<group>";
		};
		0555B7AC26349AE300FA6DEC /* Manager */ = {
			isa = PBXGroup;
			children = (
				0555B7AD26349AFE00FA6DEC /* LocationManager.swift */,
			);
			path = Manager;
			sourceTree = "<group>";
		};
		0555B7B126349F7100FA6DEC /* Views */ = {
			isa = PBXGroup;
			children = (
				0555B7B226349F8C00FA6DEC /* ARViewContainer.swift */,
				0555B7B72634B1E000FA6DEC /* SearchButtonBar.swift */,
			);
			path = Views;
			sourceTree = "<group>";
		};
		0555B7BB2634C66000FA6DEC /* Model */ = {
			isa = PBXGroup;
			children = (
				0555B7BC2634C67D00FA6DEC /* POI.swift */,
			);
			path = Model;
			sourceTree = "<group>";
		};
/* End PBXGroup section */

/* Begin PBXNativeTarget section */
		0555B7962634988D00FA6DEC /* NearMeAR */ = {
			isa = PBXNativeTarget;
			buildConfigurationList = 0555B7A82634988E00FA6DEC /* Build configuration list for PBXNativeTarget "NearMeAR" */;
			buildPhases = (
				0555B7932634988D00FA6DEC /* Sources */,
				0555B7942634988D00FA6DEC /* Frameworks */,
				0555B7952634988D00FA6DEC /* Resources */,
			);
			buildRules = (
			);
			dependencies = (
			);
			name = NearMeAR;
			productName = NearMeAR;
			productReference = 0555B7972634988D00FA6DEC /* NearMeAR.app */;
			productType = "com.apple.product-type.application";
		};
/* End PBXNativeTarget section */

/* Begin PBXProject section */
		0555B78F2634988D00FA6DEC /* Project object */ = {
			isa = PBXProject;
			attributes = {
				LastSwiftUpdateCheck = 1240;
				LastUpgradeCheck = 1240;
				TargetAttributes = {
					0555B7962634988D00FA6DEC = {
						CreatedOnToolsVersion = 12.4;
					};
				};
			};
			buildConfigurationList = 0555B7922634988D00FA6DEC /* Build configuration list for PBXProject "NearMeAR" */;
			compatibilityVersion = "Xcode 9.3";
			developmentRegion = en;
			hasScannedForEncodings = 0;
			knownRegions = (
				en,
				Base,
			);
			mainGroup = 0555B78E2634988D00FA6DEC;
			productRefGroup = 0555B7982634988D00FA6DEC /* Products */;
			projectDirPath = "";
			projectRoot = "";
			targets = (
				0555B7962634988D00FA6DEC /* NearMeAR */,
			);
		};
/* End PBXProject section */

/* Begin PBXResourcesBuildPhase section */
		0555B7952634988D00FA6DEC /* Resources */ = {
			isa = PBXResourcesBuildPhase;
			buildActionMask = 2147483647;
			files = (
				0555B7A42634988E00FA6DEC /* Preview Assets.xcassets in Resources */,
				0555B7A12634988E00FA6DEC /* Assets.xcassets in Resources */,
			);
			runOnlyForDeploymentPostprocessing = 0;
		};
/* End PBXResourcesBuildPhase section */

/* Begin PBXSourcesBuildPhase section */
		0555B7932634988D00FA6DEC /* Sources */ = {
			isa = PBXSourcesBuildPhase;
			buildActionMask = 2147483647;
			files = (
				0555B7BD2634C67D00FA6DEC /* POI.swift in Sources */,
				0555B7B326349F8C00FA6DEC /* ARViewContainer.swift in Sources */,
				0555B7AE26349AFE00FA6DEC /* LocationManager.swift in Sources */,
				0555B79D2634988D00FA6DEC /* ContentView.swift in Sources */,
				0555B79B2634988D00FA6DEC /* AppDelegate.swift in Sources */,
				0555B7B82634B1E000FA6DEC /* SearchButtonBar.swift in Sources */,
				0555B79F2634988D00FA6DEC /* Experience.rcproject in Sources */,
			);
			runOnlyForDeploymentPostprocessing = 0;
		};
/* End PBXSourcesBuildPhase section */

/* Begin XCBuildConfiguration section */
		0555B7A62634988E00FA6DEC /* Debug */ = {
			isa = XCBuildConfiguration;
			buildSettings = {
				ALWAYS_SEARCH_USER_PATHS = NO;
				CLANG_ANALYZER_NONNULL = YES;
				CLANG_ANALYZER_NUMBER_OBJECT_CONVERSION = YES_AGGRESSIVE;
				CLANG_CXX_LANGUAGE_STANDARD = "gnu++14";
				CLANG_CXX_LIBRARY = "libc++";
				CLANG_ENABLE_MODULES = YES;
				CLANG_ENABLE_OBJC_ARC = YES;
				CLANG_ENABLE_OBJC_WEAK = YES;
				CLANG_WARN_BLOCK_CAPTURE_AUTORELEASING = YES;
				CLANG_WARN_BOOL_CONVERSION = YES;
				CLANG_WARN_COMMA = YES;
				CLANG_WARN_CONSTANT_CONVERSION = YES;
				CLANG_WARN_DEPRECATED_OBJC_IMPLEMENTATIONS = YES;
				CLANG_WARN_DIRECT_OBJC_ISA_USAGE = YES_ERROR;
				CLANG_WARN_DOCUMENTATION_COMMENTS = YES;
				CLANG_WARN_EMPTY_BODY = YES;
				CLANG_WARN_ENUM_CONVERSION = YES;
				CLANG_WARN_INFINITE_RECURSION = YES;
				CLANG_WARN_INT_CONVERSION = YES;
				CLANG_WARN_NON_LITERAL_NULL_CONVERSION = YES;
				CLANG_WARN_OBJC_IMPLICIT_RETAIN_SELF = YES;
				CLANG_WARN_OBJC_LITERAL_CONVERSION = YES;
				CLANG_WARN_OBJC_ROOT_CLASS = YES_ERROR;
				CLANG_WARN_QUOTED_INCLUDE_IN_FRAMEWORK_HEADER = YES;
				CLANG_WARN_RANGE_LOOP_ANALYSIS = YES;
				CLANG_WARN_STRICT_PROTOTYPES = YES;
				CLANG_WARN_SUSPICIOUS_MOVE = YES;
				CLANG_WARN_UNGUARDED_AVAILABILITY = YES_AGGRESSIVE;
				CLANG_WARN_UNREACHABLE_CODE = YES;
				CLANG_WARN__DUPLICATE_METHOD_MATCH = YES;
				COPY_PHASE_STRIP = NO;
				DEBUG_INFORMATION_FORMAT = dwarf;
				ENABLE_STRICT_OBJC_MSGSEND = YES;
				ENABLE_TESTABILITY = YES;
				GCC_C_LANGUAGE_STANDARD = gnu11;
				GCC_DYNAMIC_NO_PIC = NO;
				GCC_NO_COMMON_BLOCKS = YES;
				GCC_OPTIMIZATION_LEVEL = 0;
				GCC_PREPROCESSOR_DEFINITIONS = (
					"DEBUG=1",
					"$(inherited)",
				);
				GCC_WARN_64_TO_32_BIT_CONVERSION = YES;
				GCC_WARN_ABOUT_RETURN_TYPE = YES_ERROR;
				GCC_WARN_UNDECLARED_SELECTOR = YES;
				GCC_WARN_UNINITIALIZED_AUTOS = YES_AGGRESSIVE;
				GCC_WARN_UNUSED_FUNCTION = YES;
				GCC_WARN_UNUSED_VARIABLE = YES;
				IPHONEOS_DEPLOYMENT_TARGET = 14.4;
				MTL_ENABLE_DEBUG_INFO = INCLUDE_SOURCE;
				MTL_FAST_MATH = YES;
				ONLY_ACTIVE_ARCH = YES;
				SDKROOT = iphoneos;
				SWIFT_ACTIVE_COMPILATION_CONDITIONS = DEBUG;
				SWIFT_OPTIMIZATION_LEVEL = "-Onone";
			};
			name = Debug;
		};
		0555B7A72634988E00FA6DEC /* Release */ = {
			isa = XCBuildConfiguration;
			buildSettings = {
				ALWAYS_SEARCH_USER_PATHS = NO;
				CLANG_ANALYZER_NONNULL = YES;
				CLANG_ANALYZER_NUMBER_OBJECT_CONVERSION = YES_AGGRESSIVE;
				CLANG_CXX_LANGUAGE_STANDARD = "gnu++14";
				CLANG_CXX_LIBRARY = "libc++";
				CLANG_ENABLE_MODULES = YES;
				CLANG_ENABLE_OBJC_ARC = YES;
				CLANG_ENABLE_OBJC_WEAK = YES;
				CLANG_WARN_BLOCK_CAPTURE_AUTORELEASING = YES;
				CLANG_WARN_BOOL_CONVERSION = YES;
				CLANG_WARN_COMMA = YES;
				CLANG_WARN_CONSTANT_CONVERSION = YES;
				CLANG_WARN_DEPRECATED_OBJC_IMPLEMENTATIONS = YES;
				CLANG_WARN_DIRECT_OBJC_ISA_USAGE = YES_ERROR;
				CLANG_WARN_DOCUMENTATION_COMMENTS = YES;
				CLANG_WARN_EMPTY_BODY = YES;
				CLANG_WARN_ENUM_CONVERSION = YES;
				CLANG_WARN_INFINITE_RECURSION = YES;
				CLANG_WARN_INT_CONVERSION = YES;
				CLANG_WARN_NON_LITERAL_NULL_CONVERSION = YES;
				CLANG_WARN_OBJC_IMPLICIT_RETAIN_SELF = YES;
				CLANG_WARN_OBJC_LITERAL_CONVERSION = YES;
				CLANG_WARN_OBJC_ROOT_CLASS = YES_ERROR;
				CLANG_WARN_QUOTED_INCLUDE_IN_FRAMEWORK_HEADER = YES;
				CLANG_WARN_RANGE_LOOP_ANALYSIS = YES;
				CLANG_WARN_STRICT_PROTOTYPES = YES;
				CLANG_WARN_SUSPICIOUS_MOVE = YES;
				CLANG_WARN_UNGUARDED_AVAILABILITY = YES_AGGRESSIVE;
				CLANG_WARN_UNREACHABLE_CODE = YES;
				CLANG_WARN__DUPLICATE_METHOD_MATCH = YES;
				COPY_PHASE_STRIP = NO;
				DEBUG_INFORMATION_FORMAT = "dwarf-with-dsym";
				ENABLE_NS_ASSERTIONS = NO;
				ENABLE_STRICT_OBJC_MSGSEND = YES;
				GCC_C_LANGUAGE_STANDARD = gnu11;
				GCC_NO_COMMON_BLOCKS = YES;
				GCC_WARN_64_TO_32_BIT_CONVERSION = YES;
				GCC_WARN_ABOUT_RETURN_TYPE = YES_ERROR;
				GCC_WARN_UNDECLARED_SELECTOR = YES;
				GCC_WARN_UNINITIALIZED_AUTOS = YES_AGGRESSIVE;
				GCC_WARN_UNUSED_FUNCTION = YES;
				GCC_WARN_UNUSED_VARIABLE = YES;
				IPHONEOS_DEPLOYMENT_TARGET = 14.4;
				MTL_ENABLE_DEBUG_INFO = NO;
				MTL_FAST_MATH = YES;
				SDKROOT = iphoneos;
				SWIFT_COMPILATION_MODE = wholemodule;
				SWIFT_OPTIMIZATION_LEVEL = "-O";
				VALIDATE_PRODUCT = YES;
			};
			name = Release;
		};
		0555B7A92634988E00FA6DEC /* Debug */ = {
			isa = XCBuildConfiguration;
			buildSettings = {
				ASSETCATALOG_COMPILER_APPICON_NAME = AppIcon;
				ASSETCATALOG_COMPILER_GLOBAL_ACCENT_COLOR_NAME = AccentColor;
				CODE_SIGN_STYLE = Automatic;
				DEVELOPMENT_ASSET_PATHS = "\"NearMeAR/Preview Content\"";
				DEVELOPMENT_TEAM = 7A3R2B8SCD;
				ENABLE_PREVIEWS = YES;
				INFOPLIST_FILE = NearMeAR/Info.plist;
				LD_RUNPATH_SEARCH_PATHS = (
					"$(inherited)",
					"@executable_path/Frameworks",
				);
				PRODUCT_BUNDLE_IDENTIFIER = com.MarcJacques.NearMeAR;
				PRODUCT_NAME = "$(TARGET_NAME)";
				SWIFT_VERSION = 5.0;
				TARGETED_DEVICE_FAMILY = "1,2";
			};
			name = Debug;
		};
		0555B7AA2634988E00FA6DEC /* Release */ = {
			isa = XCBuildConfiguration;
			buildSettings = {
				ASSETCATALOG_COMPILER_APPICON_NAME = AppIcon;
				ASSETCATALOG_COMPILER_GLOBAL_ACCENT_COLOR_NAME = AccentColor;
				CODE_SIGN_STYLE = Automatic;
				DEVELOPMENT_ASSET_PATHS = "\"NearMeAR/Preview Content\"";
				DEVELOPMENT_TEAM = 7A3R2B8SCD;
				ENABLE_PREVIEWS = YES;
				INFOPLIST_FILE = NearMeAR/Info.plist;
				LD_RUNPATH_SEARCH_PATHS = (
					"$(inherited)",
					"@executable_path/Frameworks",
				);
				PRODUCT_BUNDLE_IDENTIFIER = com.MarcJacques.NearMeAR;
				PRODUCT_NAME = "$(TARGET_NAME)";
				SWIFT_VERSION = 5.0;
				TARGETED_DEVICE_FAMILY = "1,2";
			};
			name = Release;
		};
/* End XCBuildConfiguration section */

/* Begin XCConfigurationList section */
		0555B7922634988D00FA6DEC /* Build configuration list for PBXProject "NearMeAR" */ = {
			isa = XCConfigurationList;
			buildConfigurations = (
				0555B7A62634988E00FA6DEC /* Debug */,
				0555B7A72634988E00FA6DEC /* Release */,
			);
			defaultConfigurationIsVisible = 0;
			defaultConfigurationName = Release;
		};
		0555B7A82634988E00FA6DEC /* Build configuration list for PBXNativeTarget "NearMeAR" */ = {
			isa = XCConfigurationList;
			buildConfigurations = (
				0555B7A92634988E00FA6DEC /* Debug */,
				0555B7AA2634988E00FA6DEC /* Release */,
			);
			defaultConfigurationIsVisible = 0;
			defaultConfigurationName = Release;
		};
/* End XCConfigurationList section */
	};
	rootObject = 0555B78F2634988D00FA6DEC /* Project object */;
}
